// !$*UTF8*$!
{
	archiveVersion = 1;
	classes = {
	};
	objectVersion = 77;
	objects = {

/* Begin PBXBuildFile section */
		42CBBC442E74B31800E616DA /* Localizable.xcstrings in Resources */ = {isa = PBXBuildFile; fileRef = 42CBBC432E74B31800E616DA /* Localizable.xcstrings */; };
		42CBBC452E74B31800E616DA /* Localizable.xcstrings in Resources */ = {isa = PBXBuildFile; fileRef = 42CBBC432E74B31800E616DA /* Localizable.xcstrings */; };
		42DCA9BC2EA1309A007E9B52 /* WritingTools.icon in Resources */ = {isa = PBXBuildFile; fileRef = 42DCA9BB2EA13099007E9B52 /* WritingTools.icon */; };
		42DCA9BD2EA1309A007E9B52 /* WritingTools.icon in Resources */ = {isa = PBXBuildFile; fileRef = 42DCA9BB2EA13099007E9B52 /* WritingTools.icon */; };
		F13543912EA254D10007E2AB /* AIProxy in Frameworks */ = {isa = PBXBuildFile; productRef = F13543902EA254D10007E2AB /* AIProxy */; };
		F13543932EA254D70007E2AB /* AIProxy in Frameworks */ = {isa = PBXBuildFile; productRef = F13543922EA254D70007E2AB /* AIProxy */; };
/* End PBXBuildFile section */

/* Begin PBXContainerItemProxy section */
		2A9BFDB42D1F3CEC00A8F121 /* PBXContainerItemProxy */ = {
			isa = PBXContainerItemProxy;
			containerPortal = 2A9BFD762D1F3CCF00A8F121 /* Project object */;
			proxyType = 1;
			remoteGlobalIDString = 2A9BFDAE2D1F3CEC00A8F121;
			remoteInfo = WritingToolsKeyboardExt;
		};
/* End PBXContainerItemProxy section */

/* Begin PBXCopyFilesBuildPhase section */
		2A9BFDBB2D1F3CEC00A8F121 /* Embed Foundation Extensions */ = {
			isa = PBXCopyFilesBuildPhase;
			buildActionMask = 2147483647;
			dstPath = "";
			dstSubfolderSpec = 13;
			files = (
			);
			name = "Embed Foundation Extensions";
			runOnlyForDeploymentPostprocessing = 0;
		};
/* End PBXCopyFilesBuildPhase section */

/* Begin PBXFileReference section */
		42CBBC432E74B31800E616DA /* Localizable.xcstrings */ = {isa = PBXFileReference; lastKnownFileType = text.json.xcstrings; path = Localizable.xcstrings; sourceTree = "<group>"; };
		42DCA9BB2EA13099007E9B52 /* WritingTools.icon */ = {isa = PBXFileReference; lastKnownFileType = folder.iconcomposer.icon; path = WritingTools.icon; sourceTree = "<group>"; };
		42DCA9C12EA13101007E9B52 /* ProseKey AI.app */ = {isa = PBXFileReference; explicitFileType = wrapper.application; includeInIndex = 0; path = "ProseKey AI.app"; sourceTree = BUILT_PRODUCTS_DIR; };
		42DCA9C22EA131BD007E9B52 /* ProseKey AIExt.appex */ = {isa = PBXFileReference; explicitFileType = "wrapper.app-extension"; includeInIndex = 0; path = "ProseKey AIExt.appex"; sourceTree = BUILT_PRODUCTS_DIR; };
/* End PBXFileReference section */

/* Begin PBXFileSystemSynchronizedBuildFileExceptionSet section */
		2A9BFF462D1F4A8C00A8F121 /* Exceptions for "WritingToolsKeyboard" folder in "ProseKey AI" target */ = {
			isa = PBXFileSystemSynchronizedBuildFileExceptionSet;
			membershipExceptions = (
				App/Info.plist,
			);
			target = 2A9BFD7D2D1F3CCF00A8F121 /* ProseKey AI */;
		};
		2A9BFF492D1F4B0000A8F121 /* Exceptions for "WritingToolsKeyboardExt" folder in "ProseKey AIExt" target */ = {
			isa = PBXFileSystemSynchronizedBuildFileExceptionSet;
			membershipExceptions = (
				Resources/Info.plist,
			);
			target = 2A9BFDAE2D1F3CEC00A8F121 /* ProseKey AIExt */;
		};
/* End PBXFileSystemSynchronizedBuildFileExceptionSet section */

/* Begin PBXFileSystemSynchronizedRootGroup section */
		2A9BFD802D1F3CCF00A8F121 /* WritingToolsKeyboard */ = {
			isa = PBXFileSystemSynchronizedRootGroup;
			exceptions = (
				2A9BFF462D1F4A8C00A8F121 /* Exceptions for "WritingToolsKeyboard" folder in "ProseKey AI" target */,
			);
			path = WritingToolsKeyboard;
			sourceTree = "<group>";
		};
		2A9BFDB02D1F3CEC00A8F121 /* WritingToolsKeyboardExt */ = {
			isa = PBXFileSystemSynchronizedRootGroup;
			exceptions = (
				2A9BFF492D1F4B0000A8F121 /* Exceptions for "WritingToolsKeyboardExt" folder in "ProseKey AIExt" target */,
			);
			path = WritingToolsKeyboardExt;
			sourceTree = "<group>";
		};
		2A9BFF382D1F455400A8F121 /* Shared */ = {
			isa = PBXFileSystemSynchronizedRootGroup;
			path = Shared;
			sourceTree = "<group>";
		};
/* End PBXFileSystemSynchronizedRootGroup section */

/* Begin PBXFrameworksBuildPhase section */
		2A9BFD7B2D1F3CCF00A8F121 /* Frameworks */ = {
			isa = PBXFrameworksBuildPhase;
			buildActionMask = 2147483647;
			files = (
				F13543912EA254D10007E2AB /* AIProxy in Frameworks */,
			);
			runOnlyForDeploymentPostprocessing = 0;
		};
		2A9BFDAC2D1F3CEC00A8F121 /* Frameworks */ = {
			isa = PBXFrameworksBuildPhase;
			buildActionMask = 2147483647;
			files = (
				F13543932EA254D70007E2AB /* AIProxy in Frameworks */,
			);
			runOnlyForDeploymentPostprocessing = 0;
		};
/* End PBXFrameworksBuildPhase section */

/* Begin PBXGroup section */
		2A9BFD752D1F3CCF00A8F121 = {
			isa = PBXGroup;
			children = (
				2A9BFF382D1F455400A8F121 /* Shared */,
				2A9BFD802D1F3CCF00A8F121 /* WritingToolsKeyboard */,
				2A9BFDB02D1F3CEC00A8F121 /* WritingToolsKeyboardExt */,
				42CBBC432E74B31800E616DA /* Localizable.xcstrings */,
				2AEB8FCB2DC6D7C7007869EF /* Frameworks */,
				42DCA9C12EA13101007E9B52 /* ProseKey AI.app */,
				42DCA9BB2EA13099007E9B52 /* WritingTools.icon */,
				42DCA9C22EA131BD007E9B52 /* ProseKey AIExt.appex */,
			);
			sourceTree = "<group>";
		};
		2AEB8FCB2DC6D7C7007869EF /* Frameworks */ = {
			isa = PBXGroup;
			children = (
			);
			name = Frameworks;
			sourceTree = "<group>";
		};
/* End PBXGroup section */

/* Begin PBXNativeTarget section */
		2A9BFD7D2D1F3CCF00A8F121 /* ProseKey AI */ = {
			isa = PBXNativeTarget;
			buildConfigurationList = 2A9BFDA22D1F3CD000A8F121 /* Build configuration list for PBXNativeTarget "ProseKey AI" */;
			buildPhases = (
				2A9BFD7A2D1F3CCF00A8F121 /* Sources */,
				2A9BFD7B2D1F3CCF00A8F121 /* Frameworks */,
				2A9BFD7C2D1F3CCF00A8F121 /* Resources */,
				2A9BFDBB2D1F3CEC00A8F121 /* Embed Foundation Extensions */,
			);
			buildRules = (
			);
			dependencies = (
				2A9BFDB52D1F3CEC00A8F121 /* PBXTargetDependency */,
			);
			fileSystemSynchronizedGroups = (
				2A9BFD802D1F3CCF00A8F121 /* WritingToolsKeyboard */,
				2A9BFF382D1F455400A8F121 /* Shared */,
			);
			name = "ProseKey AI";
			packageProductDependencies = (
				F13543902EA254D10007E2AB /* AIProxy */,
			);
			productName = WritingToolsKeyboard;
			productReference = 42DCA9C12EA13101007E9B52 /* ProseKey AI.app */;
			productType = "com.apple.product-type.application";
		};
		2A9BFDAE2D1F3CEC00A8F121 /* ProseKey AIExt */ = {
			isa = PBXNativeTarget;
			buildConfigurationList = 2A9BFDB82D1F3CEC00A8F121 /* Build configuration list for PBXNativeTarget "ProseKey AIExt" */;
			buildPhases = (
				2A9BFDAB2D1F3CEC00A8F121 /* Sources */,
				2A9BFDAC2D1F3CEC00A8F121 /* Frameworks */,
				2A9BFDAD2D1F3CEC00A8F121 /* Resources */,
			);
			buildRules = (
			);
			dependencies = (
			);
			fileSystemSynchronizedGroups = (
				2A9BFDB02D1F3CEC00A8F121 /* WritingToolsKeyboardExt */,
				2A9BFF382D1F455400A8F121 /* Shared */,
			);
			name = "ProseKey AIExt";
			packageProductDependencies = (
				F13543922EA254D70007E2AB /* AIProxy */,
			);
			productName = WritingToolsKeyboardExt;
			productReference = 42DCA9C22EA131BD007E9B52 /* ProseKey AIExt.appex */;
			productType = "com.apple.product-type.app-extension";
		};
/* End PBXNativeTarget section */

/* Begin PBXProject section */
		2A9BFD762D1F3CCF00A8F121 /* Project object */ = {
			isa = PBXProject;
			attributes = {
				BuildIndependentTargetsInParallel = 1;
				LastSwiftUpdateCheck = 1620;
				LastUpgradeCheck = 2600;
				TargetAttributes = {
					2A9BFD7D2D1F3CCF00A8F121 = {
						CreatedOnToolsVersion = 16.2;
					};
					2A9BFDAE2D1F3CEC00A8F121 = {
						CreatedOnToolsVersion = 16.2;
						LastSwiftMigration = 1620;
					};
				};
			};
			buildConfigurationList = 2A9BFD792D1F3CCF00A8F121 /* Build configuration list for PBXProject "ProseKey AI" */;
			developmentRegion = en;
			hasScannedForEncodings = 0;
			knownRegions = (
				en,
				Base,
				de,
			);
			mainGroup = 2A9BFD752D1F3CCF00A8F121;
			minimizedProjectReferenceProxies = 1;
			packageReferences = (
				F135438F2EA254860007E2AB /* XCRemoteSwiftPackageReference "aiproxyswift" */,
			);
			preferredProjectObjectVersion = 77;
			productRefGroup = 2A9BFD752D1F3CCF00A8F121;
			projectDirPath = "";
			projectRoot = "";
			targets = (
				2A9BFD7D2D1F3CCF00A8F121 /* ProseKey AI */,
				2A9BFDAE2D1F3CEC00A8F121 /* ProseKey AIExt */,
			);
		};
/* End PBXProject section */

/* Begin PBXResourcesBuildPhase section */
		2A9BFD7C2D1F3CCF00A8F121 /* Resources */ = {
			isa = PBXResourcesBuildPhase;
			buildActionMask = 2147483647;
			files = (
				42DCA9BC2EA1309A007E9B52 /* WritingTools.icon in Resources */,
				42CBBC442E74B31800E616DA /* Localizable.xcstrings in Resources */,
			);
			runOnlyForDeploymentPostprocessing = 0;
		};
		2A9BFDAD2D1F3CEC00A8F121 /* Resources */ = {
			isa = PBXResourcesBuildPhase;
			buildActionMask = 2147483647;
			files = (
				42CBBC452E74B31800E616DA /* Localizable.xcstrings in Resources */,
				42DCA9BD2EA1309A007E9B52 /* WritingTools.icon in Resources */,
			);
			runOnlyForDeploymentPostprocessing = 0;
		};
/* End PBXResourcesBuildPhase section */

/* Begin PBXSourcesBuildPhase section */
		2A9BFD7A2D1F3CCF00A8F121 /* Sources */ = {
			isa = PBXSourcesBuildPhase;
			buildActionMask = 2147483647;
			files = (
			);
			runOnlyForDeploymentPostprocessing = 0;
		};
		2A9BFDAB2D1F3CEC00A8F121 /* Sources */ = {
			isa = PBXSourcesBuildPhase;
			buildActionMask = 2147483647;
			files = (
			);
			runOnlyForDeploymentPostprocessing = 0;
		};
/* End PBXSourcesBuildPhase section */

/* Begin PBXTargetDependency section */
		2A9BFDB52D1F3CEC00A8F121 /* PBXTargetDependency */ = {
			isa = PBXTargetDependency;
			target = 2A9BFDAE2D1F3CEC00A8F121 /* ProseKey AIExt */;
			targetProxy = 2A9BFDB42D1F3CEC00A8F121 /* PBXContainerItemProxy */;
		};
/* End PBXTargetDependency section */

/* Begin XCBuildConfiguration section */
		2A9BFDA02D1F3CD000A8F121 /* Debug */ = {
			isa = XCBuildConfiguration;
			buildSettings = {
				ALWAYS_SEARCH_USER_PATHS = NO;
				ASSETCATALOG_COMPILER_GENERATE_SWIFT_ASSET_SYMBOL_EXTENSIONS = YES;
				CLANG_ANALYZER_NONNULL = YES;
				CLANG_ANALYZER_NUMBER_OBJECT_CONVERSION = YES_AGGRESSIVE;
				CLANG_CXX_LANGUAGE_STANDARD = "gnu++20";
				CLANG_ENABLE_MODULES = YES;
				CLANG_ENABLE_OBJC_ARC = YES;
				CLANG_ENABLE_OBJC_WEAK = YES;
				CLANG_WARN_BLOCK_CAPTURE_AUTORELEASING = YES;
				CLANG_WARN_BOOL_CONVERSION = YES;
				CLANG_WARN_COMMA = YES;
				CLANG_WARN_CONSTANT_CONVERSION = YES;
				CLANG_WARN_DEPRECATED_OBJC_IMPLEMENTATIONS = YES;
				CLANG_WARN_DIRECT_OBJC_ISA_USAGE = YES_ERROR;
				CLANG_WARN_DOCUMENTATION_COMMENTS = YES;
				CLANG_WARN_EMPTY_BODY = YES;
				CLANG_WARN_ENUM_CONVERSION = YES;
				CLANG_WARN_INFINITE_RECURSION = YES;
				CLANG_WARN_INT_CONVERSION = YES;
				CLANG_WARN_NON_LITERAL_NULL_CONVERSION = YES;
				CLANG_WARN_OBJC_IMPLICIT_RETAIN_SELF = YES;
				CLANG_WARN_OBJC_LITERAL_CONVERSION = YES;
				CLANG_WARN_OBJC_ROOT_CLASS = YES_ERROR;
				CLANG_WARN_QUOTED_INCLUDE_IN_FRAMEWORK_HEADER = YES;
				CLANG_WARN_RANGE_LOOP_ANALYSIS = YES;
				CLANG_WARN_STRICT_PROTOTYPES = YES;
				CLANG_WARN_SUSPICIOUS_MOVE = YES;
				CLANG_WARN_UNGUARDED_AVAILABILITY = YES_AGGRESSIVE;
				CLANG_WARN_UNREACHABLE_CODE = YES;
				CLANG_WARN__DUPLICATE_METHOD_MATCH = YES;
				COPY_PHASE_STRIP = NO;
				DEBUG_INFORMATION_FORMAT = dwarf;
				DEVELOPMENT_TEAM = MK2V998W66;
				ENABLE_STRICT_OBJC_MSGSEND = YES;
				ENABLE_TESTABILITY = YES;
				ENABLE_USER_SCRIPT_SANDBOXING = YES;
				GCC_C_LANGUAGE_STANDARD = gnu17;
				GCC_DYNAMIC_NO_PIC = NO;
				GCC_NO_COMMON_BLOCKS = YES;
				GCC_OPTIMIZATION_LEVEL = 0;
				GCC_PREPROCESSOR_DEFINITIONS = (
					"DEBUG=1",
					"$(inherited)",
				);
				GCC_WARN_64_TO_32_BIT_CONVERSION = YES;
				GCC_WARN_ABOUT_RETURN_TYPE = YES_ERROR;
				GCC_WARN_UNDECLARED_SELECTOR = YES;
				GCC_WARN_UNINITIALIZED_AUTOS = YES_AGGRESSIVE;
				GCC_WARN_UNUSED_FUNCTION = YES;
				GCC_WARN_UNUSED_VARIABLE = YES;
				IPHONEOS_DEPLOYMENT_TARGET = 18.2;
				LOCALIZATION_PREFERS_STRING_CATALOGS = YES;
				MTL_ENABLE_DEBUG_INFO = INCLUDE_SOURCE;
				MTL_FAST_MATH = YES;
				ONLY_ACTIVE_ARCH = YES;
				SDKROOT = iphoneos;
				STRING_CATALOG_GENERATE_SYMBOLS = YES;
				SWIFT_ACTIVE_COMPILATION_CONDITIONS = "DEBUG $(inherited)";
				SWIFT_EMIT_LOC_STRINGS = YES;
				SWIFT_OPTIMIZATION_LEVEL = "-Onone";
			};
			name = Debug;
		};
		2A9BFDA12D1F3CD000A8F121 /* Release */ = {
			isa = XCBuildConfiguration;
			buildSettings = {
				ALWAYS_SEARCH_USER_PATHS = NO;
				ASSETCATALOG_COMPILER_GENERATE_SWIFT_ASSET_SYMBOL_EXTENSIONS = YES;
				CLANG_ANALYZER_NONNULL = YES;
				CLANG_ANALYZER_NUMBER_OBJECT_CONVERSION = YES_AGGRESSIVE;
				CLANG_CXX_LANGUAGE_STANDARD = "gnu++20";
				CLANG_ENABLE_MODULES = YES;
				CLANG_ENABLE_OBJC_ARC = YES;
				CLANG_ENABLE_OBJC_WEAK = YES;
				CLANG_WARN_BLOCK_CAPTURE_AUTORELEASING = YES;
				CLANG_WARN_BOOL_CONVERSION = YES;
				CLANG_WARN_COMMA = YES;
				CLANG_WARN_CONSTANT_CONVERSION = YES;
				CLANG_WARN_DEPRECATED_OBJC_IMPLEMENTATIONS = YES;
				CLANG_WARN_DIRECT_OBJC_ISA_USAGE = YES_ERROR;
				CLANG_WARN_DOCUMENTATION_COMMENTS = YES;
				CLANG_WARN_EMPTY_BODY = YES;
				CLANG_WARN_ENUM_CONVERSION = YES;
				CLANG_WARN_INFINITE_RECURSION = YES;
				CLANG_WARN_INT_CONVERSION = YES;
				CLANG_WARN_NON_LITERAL_NULL_CONVERSION = YES;
				CLANG_WARN_OBJC_IMPLICIT_RETAIN_SELF = YES;
				CLANG_WARN_OBJC_LITERAL_CONVERSION = YES;
				CLANG_WARN_OBJC_ROOT_CLASS = YES_ERROR;
				CLANG_WARN_QUOTED_INCLUDE_IN_FRAMEWORK_HEADER = YES;
				CLANG_WARN_RANGE_LOOP_ANALYSIS = YES;
				CLANG_WARN_STRICT_PROTOTYPES = YES;
				CLANG_WARN_SUSPICIOUS_MOVE = YES;
				CLANG_WARN_UNGUARDED_AVAILABILITY = YES_AGGRESSIVE;
				CLANG_WARN_UNREACHABLE_CODE = YES;
				CLANG_WARN__DUPLICATE_METHOD_MATCH = YES;
				COPY_PHASE_STRIP = NO;
				DEBUG_INFORMATION_FORMAT = "dwarf-with-dsym";
				DEVELOPMENT_TEAM = MK2V998W66;
				ENABLE_NS_ASSERTIONS = NO;
				ENABLE_STRICT_OBJC_MSGSEND = YES;
				ENABLE_USER_SCRIPT_SANDBOXING = YES;
				GCC_C_LANGUAGE_STANDARD = gnu17;
				GCC_NO_COMMON_BLOCKS = YES;
				GCC_WARN_64_TO_32_BIT_CONVERSION = YES;
				GCC_WARN_ABOUT_RETURN_TYPE = YES_ERROR;
				GCC_WARN_UNDECLARED_SELECTOR = YES;
				GCC_WARN_UNINITIALIZED_AUTOS = YES_AGGRESSIVE;
				GCC_WARN_UNUSED_FUNCTION = YES;
				GCC_WARN_UNUSED_VARIABLE = YES;
				IPHONEOS_DEPLOYMENT_TARGET = 18.2;
				LOCALIZATION_PREFERS_STRING_CATALOGS = YES;
				MTL_ENABLE_DEBUG_INFO = NO;
				MTL_FAST_MATH = YES;
				ONLY_ACTIVE_ARCH = YES;
				SDKROOT = iphoneos;
				STRING_CATALOG_GENERATE_SYMBOLS = YES;
				SWIFT_COMPILATION_MODE = wholemodule;
				SWIFT_EMIT_LOC_STRINGS = YES;
				VALIDATE_PRODUCT = YES;
			};
			name = Release;
		};
		2A9BFDA32D1F3CD000A8F121 /* Debug */ = {
			isa = XCBuildConfiguration;
			buildSettings = {
				ASSETCATALOG_COMPILER_APPICON_NAME = WritingTools;
				ASSETCATALOG_COMPILER_GLOBAL_ACCENT_COLOR_NAME = AccentColor;
				ASSETCATALOG_COMPILER_INCLUDE_ALL_APPICON_ASSETS = YES;
				CODE_SIGN_ENTITLEMENTS = WritingToolsKeyboard/WritingToolsKeyboard.entitlements;
				CODE_SIGN_STYLE = Automatic;
				CURRENT_PROJECT_VERSION = 2;
				DEVELOPMENT_ASSET_PATHS = "\"WritingToolsKeyboard/Preview Content\"";
				ENABLE_APP_SANDBOX = YES;
				ENABLE_OUTGOING_NETWORK_CONNECTIONS = YES;
				ENABLE_PREVIEWS = YES;
				GENERATE_INFOPLIST_FILE = NO;
				INFOPLIST_FILE = "$(SRCROOT)/WritingToolsKeyboard/App/Info.plist";
				INFOPLIST_KEY_CFBundleDisplayName = "ProseKey AI";
				INFOPLIST_KEY_LSApplicationCategoryType = "public.app-category.utilities";
				INFOPLIST_KEY_UIApplicationSceneManifest_Generation = YES;
				INFOPLIST_KEY_UIApplicationSupportsIndirectInputEvents = YES;
				INFOPLIST_KEY_UILaunchScreen_Generation = YES;
				INFOPLIST_KEY_UISupportedInterfaceOrientations_iPad = "UIInterfaceOrientationPortrait UIInterfaceOrientationPortraitUpsideDown UIInterfaceOrientationLandscapeLeft UIInterfaceOrientationLandscapeRight";
				INFOPLIST_KEY_UISupportedInterfaceOrientations_iPhone = "UIInterfaceOrientationPortrait UIInterfaceOrientationLandscapeLeft UIInterfaceOrientationLandscapeRight";
				IPHONEOS_DEPLOYMENT_TARGET = 16.0;
				LD_RUNPATH_SEARCH_PATHS = (
					"$(inherited)",
					"@executable_path/Frameworks",
				);
				MARKETING_VERSION = 1.4;
				PRODUCT_BUNDLE_IDENTIFIER = com.aryamirsepasi.WritingToolsKeyboard;
				PRODUCT_NAME = "$(TARGET_NAME)";
				SUPPORTED_PLATFORMS = "iphoneos iphonesimulator";
				SUPPORTS_MACCATALYST = NO;
				SUPPORTS_MAC_DESIGNED_FOR_IPHONE_IPAD = NO;
				SUPPORTS_XR_DESIGNED_FOR_IPHONE_IPAD = NO;
				SWIFT_EMIT_LOC_STRINGS = YES;
				SWIFT_VERSION = 5.0;
				TARGETED_DEVICE_FAMILY = 1;
			};
			name = Debug;
		};
		2A9BFDA42D1F3CD000A8F121 /* Release */ = {
			isa = XCBuildConfiguration;
			buildSettings = {
				ASSETCATALOG_COMPILER_APPICON_NAME = WritingTools;
				ASSETCATALOG_COMPILER_GLOBAL_ACCENT_COLOR_NAME = AccentColor;
				ASSETCATALOG_COMPILER_INCLUDE_ALL_APPICON_ASSETS = YES;
				CODE_SIGN_ENTITLEMENTS = WritingToolsKeyboard/WritingToolsKeyboard.entitlements;
				CODE_SIGN_STYLE = Automatic;
				CURRENT_PROJECT_VERSION = 2;
				DEVELOPMENT_ASSET_PATHS = "\"WritingToolsKeyboard/Preview Content\"";
				ENABLE_APP_SANDBOX = YES;
				ENABLE_OUTGOING_NETWORK_CONNECTIONS = YES;
				ENABLE_PREVIEWS = YES;
				GENERATE_INFOPLIST_FILE = NO;
				INFOPLIST_FILE = "$(SRCROOT)/WritingToolsKeyboard/App/Info.plist";
				INFOPLIST_KEY_CFBundleDisplayName = "ProseKey AI";
				INFOPLIST_KEY_LSApplicationCategoryType = "public.app-category.utilities";
				INFOPLIST_KEY_UIApplicationSceneManifest_Generation = YES;
				INFOPLIST_KEY_UIApplicationSupportsIndirectInputEvents = YES;
				INFOPLIST_KEY_UILaunchScreen_Generation = YES;
				INFOPLIST_KEY_UISupportedInterfaceOrientations_iPad = "UIInterfaceOrientationPortrait UIInterfaceOrientationPortraitUpsideDown UIInterfaceOrientationLandscapeLeft UIInterfaceOrientationLandscapeRight";
				INFOPLIST_KEY_UISupportedInterfaceOrientations_iPhone = "UIInterfaceOrientationPortrait UIInterfaceOrientationLandscapeLeft UIInterfaceOrientationLandscapeRight";
				IPHONEOS_DEPLOYMENT_TARGET = 16.0;
				LD_RUNPATH_SEARCH_PATHS = (
					"$(inherited)",
					"@executable_path/Frameworks",
				);
				MARKETING_VERSION = 1.4;
				PRODUCT_BUNDLE_IDENTIFIER = com.aryamirsepasi.WritingToolsKeyboard;
				PRODUCT_NAME = "$(TARGET_NAME)";
				SUPPORTED_PLATFORMS = "iphoneos iphonesimulator";
				SUPPORTS_MACCATALYST = NO;
				SUPPORTS_MAC_DESIGNED_FOR_IPHONE_IPAD = NO;
				SUPPORTS_XR_DESIGNED_FOR_IPHONE_IPAD = NO;
				SWIFT_EMIT_LOC_STRINGS = YES;
				SWIFT_VERSION = 5.0;
				TARGETED_DEVICE_FAMILY = 1;
			};
			name = Release;
		};
		2A9BFDB92D1F3CEC00A8F121 /* Debug */ = {
			isa = XCBuildConfiguration;
			buildSettings = {
				CLANG_ENABLE_MODULES = YES;
				CODE_SIGN_ENTITLEMENTS = WritingToolsKeyboardExt/WritingToolsKeyboardExt.entitlements;
				CODE_SIGN_STYLE = Automatic;
				CURRENT_PROJECT_VERSION = 2;
				GENERATE_INFOPLIST_FILE = NO;
				INFOPLIST_FILE = "$(SRCROOT)/WritingToolsKeyboardExt/Resources/Info.plist";
				INFOPLIST_KEY_CFBundleDisplayName = "ProseKey AI Keyboard Extension";
				INFOPLIST_KEY_NSHumanReadableCopyright = "";
				IPHONEOS_DEPLOYMENT_TARGET = 16.0;
				LD_RUNPATH_SEARCH_PATHS = (
					"$(inherited)",
					"@executable_path/Frameworks",
					"@executable_path/../../Frameworks",
				);
				MARKETING_VERSION = 1.4;
				PRODUCT_BUNDLE_IDENTIFIER = com.aryamirsepasi.WritingToolsKeyboard.WritingToolsKeyboardExt;
				PRODUCT_NAME = "$(TARGET_NAME)";
				SKIP_INSTALL = YES;
				SUPPORTED_PLATFORMS = "iphoneos iphonesimulator";
				SUPPORTS_MACCATALYST = NO;
				SUPPORTS_MAC_DESIGNED_FOR_IPHONE_IPAD = NO;
				SUPPORTS_XR_DESIGNED_FOR_IPHONE_IPAD = NO;
				SWIFT_EMIT_LOC_STRINGS = YES;
				SWIFT_OBJC_BRIDGING_HEADER = "WritingToolsKeyboardExt/Controller/WritingToolsKeyboardExt-Bridging-Header.h";
				SWIFT_OPTIMIZATION_LEVEL = "-Onone";
				SWIFT_VERSION = 5.0;
				TARGETED_DEVICE_FAMILY = 1;
			};
			name = Debug;
		};
		2A9BFDBA2D1F3CEC00A8F121 /* Release */ = {
			isa = XCBuildConfiguration;
			buildSettings = {
				CLANG_ENABLE_MODULES = YES;
				CODE_SIGN_ENTITLEMENTS = WritingToolsKeyboardExt/WritingToolsKeyboardExt.entitlements;
				CODE_SIGN_STYLE = Automatic;
				CURRENT_PROJECT_VERSION = 2;
				GENERATE_INFOPLIST_FILE = NO;
				INFOPLIST_FILE = "$(SRCROOT)/WritingToolsKeyboardExt/Resources/Info.plist";
				INFOPLIST_KEY_CFBundleDisplayName = "ProseKey AI Keyboard Extension";
				INFOPLIST_KEY_NSHumanReadableCopyright = "";
				IPHONEOS_DEPLOYMENT_TARGET = 16.0;
				LD_RUNPATH_SEARCH_PATHS = (
					"$(inherited)",
					"@executable_path/Frameworks",
					"@executable_path/../../Frameworks",
				);
				MARKETING_VERSION = 1.4;
				PRODUCT_BUNDLE_IDENTIFIER = com.aryamirsepasi.WritingToolsKeyboard.WritingToolsKeyboardExt;
				PRODUCT_NAME = "$(TARGET_NAME)";
				SKIP_INSTALL = YES;
				SUPPORTED_PLATFORMS = "iphoneos iphonesimulator";
				SUPPORTS_MACCATALYST = NO;
				SUPPORTS_MAC_DESIGNED_FOR_IPHONE_IPAD = NO;
				SUPPORTS_XR_DESIGNED_FOR_IPHONE_IPAD = NO;
				SWIFT_EMIT_LOC_STRINGS = YES;
				SWIFT_OBJC_BRIDGING_HEADER = "WritingToolsKeyboardExt/Controller/WritingToolsKeyboardExt-Bridging-Header.h";
				SWIFT_VERSION = 5.0;
				TARGETED_DEVICE_FAMILY = 1;
			};
			name = Release;
		};
/* End XCBuildConfiguration section */

/* Begin XCConfigurationList section */
		2A9BFD792D1F3CCF00A8F121 /* Build configuration list for PBXProject "ProseKey AI" */ = {
			isa = XCConfigurationList;
			buildConfigurations = (
				2A9BFDA02D1F3CD000A8F121 /* Debug */,
				2A9BFDA12D1F3CD000A8F121 /* Release */,
			);
			defaultConfigurationIsVisible = 0;
			defaultConfigurationName = Release;
		};
		2A9BFDA22D1F3CD000A8F121 /* Build configuration list for PBXNativeTarget "ProseKey AI" */ = {
			isa = XCConfigurationList;
			buildConfigurations = (
				2A9BFDA32D1F3CD000A8F121 /* Debug */,
				2A9BFDA42D1F3CD000A8F121 /* Release */,
			);
			defaultConfigurationIsVisible = 0;
			defaultConfigurationName = Release;
		};
		2A9BFDB82D1F3CEC00A8F121 /* Build configuration list for PBXNativeTarget "ProseKey AIExt" */ = {
			isa = XCConfigurationList;
			buildConfigurations = (
				2A9BFDB92D1F3CEC00A8F121 /* Debug */,
				2A9BFDBA2D1F3CEC00A8F121 /* Release */,
			);
			defaultConfigurationIsVisible = 0;
			defaultConfigurationName = Release;
		};
/* End XCConfigurationList section */

/* Begin XCRemoteSwiftPackageReference section */
		F135438F2EA254860007E2AB /* XCRemoteSwiftPackageReference "aiproxyswift" */ = {
			isa = XCRemoteSwiftPackageReference;
			repositoryURL = "https://github.com/lzell/aiproxyswift";
			requirement = {
				kind = upToNextMajorVersion;
				minimumVersion = 0.130.0;
			};
		};
/* End XCRemoteSwiftPackageReference section */

/* Begin XCSwiftPackageProductDependency section */
		F13543902EA254D10007E2AB /* AIProxy */ = {
			isa = XCSwiftPackageProductDependency;
			package = F135438F2EA254860007E2AB /* XCRemoteSwiftPackageReference "aiproxyswift" */;
			productName = AIProxy;
		};
		F13543922EA254D70007E2AB /* AIProxy */ = {
			isa = XCSwiftPackageProductDependency;
			package = F135438F2EA254860007E2AB /* XCRemoteSwiftPackageReference "aiproxyswift" */;
			productName = AIProxy;
		};
/* End XCSwiftPackageProductDependency section */
	};
	rootObject = 2A9BFD762D1F3CCF00A8F121 /* Project object */;
}
