{
  "originHash" : "4222888b151bbfeb3af2cc2401ef09a1c4a9d2995c29bb137828fe949aaea9d0",
  "pins" : [
    {
      "identity" : "aiproxyswift",
      "kind" : "remoteSourceControl",
      "location" : "https://github.com/lzell/AIProxySwift",
      "state" : {
        "revision" : "4b0ce5e040894f82761a324819dd7fac0eb0bdd4",
        "version" : "0.130.0"
      }
    }
  ],
  "version" : 3
}
